# THIS IS AN AUTOGENERATED FILE. DO NOT EDIT THIS FILE DIRECTLY.
# yarn lockfile v1


"@formatjs/ecma402-abstract@1.13.0":
  version "1.13.0"
  resolved "https://registry.yarnpkg.com/@formatjs/ecma402-abstract/-/ecma402-abstract-1.13.0.tgz#df6db3cbee0182bbd2fd6217103781c802aee819"
  integrity sha512-CQ8Ykd51jYD1n05dtoX6ns6B9n/+6ZAxnWUAonvHC4kkuAemROYBhHkEB4tm1uVrRlE7gLDqXkAnY51Y0pRCWQ==
  dependencies:
    "@formatjs/intl-localematcher" "0.2.31"
    tslib "2.4.0"

"@formatjs/icu-messageformat-parser@2.1.10":
  version "2.1.10"
  resolved "https://registry.yarnpkg.com/@formatjs/icu-messageformat-parser/-/icu-messageformat-parser-2.1.10.tgz#d11114343fcb4c6d5ccabdeac50badf49c83fd9e"
  integrity sha512-KkRMxhifWkRC45dhM9tqm0GXbb6NPYTGVYY3xx891IKc6p++DQrZTnmkVSNNO47OEERLfuP2KkPFPJBuu8z/wg==
  dependencies:
    "@formatjs/ecma402-abstract" "1.13.0"
    "@formatjs/icu-skeleton-parser" "1.3.14"
    tslib "2.4.0"

"@formatjs/icu-skeleton-parser@1.3.14":
  version "1.3.14"
  resolved "https://registry.yarnpkg.com/@formatjs/icu-skeleton-parser/-/icu-skeleton-parser-1.3.14.tgz#b99ef7f855f8a58cab2519ec4f921f11c2bf74a7"
  integrity sha512-7bv60HQQcBb3+TSj+45tOb/CHV5z1hOpwdtS50jsSBXfB+YpGhnoRsZxSRksXeCxMy6xn6tA6VY2601BrrK+OA==
  dependencies:
    "@formatjs/ecma402-abstract" "1.13.0"
    tslib "2.4.0"

"@formatjs/intl-localematcher@0.2.31":
  version "0.2.31"
  resolved "https://registry.yarnpkg.com/@formatjs/intl-localematcher/-/intl-localematcher-0.2.31.tgz#aada2b1e58211460cedba56889e3c489117eb6eb"
  integrity sha512-9QTjdSBpQ7wHShZgsNzNig5qT3rCPvmZogS/wXZzKotns5skbXgs0I7J8cuN0PPqXyynvNVuN+iOKhNS2eb+ZA==
  dependencies:
    tslib "2.4.0"

"@formatjs/ts-transformer@^3.11.1":
  version "3.11.1"
  resolved "https://registry.yarnpkg.com/@formatjs/ts-transformer/-/ts-transformer-3.11.1.tgz#c63df7d059f6e47af023dd0793905f04a3777f69"
  integrity sha512-mZw3cgok/4zdqR3KAKayncy7IvTypwzJeENq6N+Tcx7rc2NtyihfPFVDn2W2AGRjVH9GRFibkNiu4nVI9xF0Og==
  dependencies:
    "@formatjs/icu-messageformat-parser" "2.1.10"
    "@types/json-stable-stringify" "^1.0.32"
    "@types/node" "14 || 16 || 17"
    chalk "^4.0.0"
    json-stable-stringify "^1.0.1"
    tslib "2.4.0"
    typescript "^4.7"

"@types/json-stable-stringify@^1.0.32":
  version "1.0.34"
  resolved "https://registry.yarnpkg.com/@types/json-stable-stringify/-/json-stable-stringify-1.0.34.tgz#c0fb25e4d957e0ee2e497c1f553d7f8bb668fd75"
  integrity sha512-s2cfwagOQAS8o06TcwKfr9Wx11dNGbH2E9vJz1cqV+a/LOyhWNLUNd6JSRYNzvB4d29UuJX2M0Dj9vE1T8fRXw==

"@types/node@14 || 16 || 17":
  version "17.0.45"
  resolved "https://registry.yarnpkg.com/@types/node/-/node-17.0.45.tgz#2c0fafd78705e7a18b7906b5201a522719dc5190"
  integrity sha512-w+tIMs3rq2afQdsPJlODhoUEKzFP1ayaoyl1CcnwtIlsVe7K7bA1NGm4s3PraqTLlXnbIN84zuBlxBWo1u9BLw==

"@types/node@^18.11.9":
  version "18.11.9"
  resolved "https://registry.yarnpkg.com/@types/node/-/node-18.11.9.tgz#02d013de7058cea16d36168ef2fc653464cfbad4"
  integrity sha512-CRpX21/kGdzjOpFsZSkcrXMGIBWMGNIHXXBVFSH+ggkftxg+XYP20TESbh+zFvFj3EQOl5byk0HTRn1IL6hbqg==

ansi-styles@^4.1.0:
  version "4.3.0"
  resolved "https://registry.yarnpkg.com/ansi-styles/-/ansi-styles-4.3.0.tgz#edd803628ae71c04c85ae7a0906edad34b648937"
  integrity sha512-zbB9rCJAT1rbjiVDb2hqKFHNYLxgtk8NURxZ3IZwD3F6NtxbXZQCnnSi1Lkx+IDohdPlFp222wVALIheZJQSEg==
  dependencies:
    color-convert "^2.0.1"

chalk@^4.0.0:
  version "4.1.2"
  resolved "https://registry.yarnpkg.com/chalk/-/chalk-4.1.2.tgz#aac4e2b7734a740867aeb16bf02aad556a1e7a01"
  integrity sha512-oKnbhFyRIXpUuez8iBMmyEa4nbj4IOQyuhc/wy9kY7/WVPcwIO9VA668Pu8RkO7+0G76SLROeyw9CpQ061i4mA==
  dependencies:
    ansi-styles "^4.1.0"
    supports-color "^7.1.0"

color-convert@^2.0.1:
  version "2.0.1"
  resolved "https://registry.yarnpkg.com/color-convert/-/color-convert-2.0.1.tgz#72d3a68d598c9bdb3af2ad1e84f21d896abd4de3"
  integrity sha512-RRECPsj7iu/xb5oKYcsFHSppFNnsj/52OVTRKb4zP5onXwVF3zVmmToNcOfGC+CRDpfK/U584fMg38ZHCaElKQ==
  dependencies:
    color-name "~1.1.4"

color-name@~1.1.4:
  version "1.1.4"
  resolved "https://registry.yarnpkg.com/color-name/-/color-name-1.1.4.tgz#c2a09a87acbde69543de6f63fa3995c826c536a2"
  integrity sha512-dOy+3AuW3a2wNbZHIuMZpTcgjGuLU/uBL/ubcZF9OXbDo8ff4O8yVp5Bf0efS8uEoYo5q4Fx7dY9OgQGXgAsQA==

commander@^9.4.1:
  version "9.4.1"
  resolved "https://registry.yarnpkg.com/commander/-/commander-9.4.1.tgz#d1dd8f2ce6faf93147295c0df13c7c21141cfbdd"
  integrity sha512-5EEkTNyHNGFPD2H+c/dXXfQZYa/scCKasxWcXJaWnNJ99pnQN9Vnmqow+p+PlFPE63Q6mThaZws1T+HxfpgtPw==

has-flag@^4.0.0:
  version "4.0.0"
  resolved "https://registry.yarnpkg.com/has-flag/-/has-flag-4.0.0.tgz#944771fd9c81c81265c4d6941860da06bb59479b"
  integrity sha512-EykJT/Q1KjTWctppgIAgfSO0tKVuZUjhgMr17kqTumMl6Afv3EISleU7qZUzoXDFTAHTDC4NOoG/ZxU3EvlMPQ==

json-stable-stringify@^1.0.1:
  version "1.0.2"
  resolved "https://registry.yarnpkg.com/json-stable-stringify/-/json-stable-stringify-1.0.2.tgz#e06f23128e0bbe342dc996ed5a19e28b57b580e0"
  integrity sha512-eunSSaEnxV12z+Z73y/j5N37/In40GK4GmsSy+tEHJMxknvqnA7/djeYtAgW0GsWHUfg+847WJjKaEylk2y09g==
  dependencies:
    jsonify "^0.0.1"

jsonify@^0.0.1:
  version "0.0.1"
  resolved "https://registry.yarnpkg.com/jsonify/-/jsonify-0.0.1.tgz#2aa3111dae3d34a0f151c63f3a45d995d9420978"
  integrity sha512-2/Ki0GcmuqSrgFyelQq9M05y7PS0mEwuIzrf3f1fPqkVDVRvZrPZtVSMHxdgo8Aq0sxAOb/cr2aqqA3LeWHVPg==

supports-color@^7.1.0:
  version "7.2.0"
  resolved "https://registry.yarnpkg.com/supports-color/-/supports-color-7.2.0.tgz#1b7dcdcb32b8138801b3e478ba6a51caa89648da"
  integrity sha512-qpCAvRl9stuOHveKsn7HncJRvv501qIacKzQlO/+Lwxc9+0q2wLyv4Dfvt80/DPn2pqOBsJdDiogXGR9+OvwRw==
  dependencies:
    has-flag "^4.0.0"

tslib@2.4.0:
  version "2.4.0"
  resolved "https://registry.yarnpkg.com/tslib/-/tslib-2.4.0.tgz#7cecaa7f073ce680a05847aa77be941098f36dc3"
  integrity sha512-d6xOpEDfsi2CZVlPQzGeux8XMwLT9hssAsaPYExaQMuYskwb+x1x7J371tWlbBdWHroy99KnVB6qIkUbs5X3UQ==

typescript@^4.7, typescript@^4.9.3:
  version "4.9.3"
  resolved "https://registry.yarnpkg.com/typescript/-/typescript-4.9.3.tgz#3aea307c1746b8c384435d8ac36b8a2e580d85db"
  integrity sha512-CIfGzTelbKNEnLpLdGFgdyKhG23CKdKgQPOBc+OUNrkJ2vr+KSzsSV5kq5iWhEQbok+quxgGzrAtGWCyU7tHnA==
